
Microsoft Visual Studio Solution File, Format Version 12.00
# Visual Studio Version 17
VisualStudioVersion = 17.14.36408.4 d17.14
MinimumVisualStudioVersion = 10.0.40219.1
Project("{FAE04EC0-301F-11D3-BF4B-00C04F79EFBC}") = "GameProg-SVLSEV1-0A_Cn_RB_CE-ChrisFrench0259182-251019", "GameProg-SVLSEV1-0A_Cn_RB_CE-ChrisFrench0259182-251019\GameProg-SVLSEV1-0A_Cn_RB_CE-ChrisFrench0259182-251019.csproj", "{4EE3DCC9-E7E9-4A31-BE80-BB8A12822BC9}"
EndProject
Global
	GlobalSection(SolutionConfigurationPlatforms) = preSolution
		Debug|Any CPU = Debug|Any CPU
		Release|Any CPU = Release|Any CPU
	EndGlobalSection
	GlobalSection(ProjectConfigurationPlatforms) = postSolution
		{4EE3DCC9-E7E9-4A31-BE80-BB8A12822BC9}.Debug|Any CPU.ActiveCfg = Debug|Any CPU
		{4EE3DCC9-E7E9-4A31-BE80-BB8A12822BC9}.Debug|Any CPU.Build.0 = Debug|Any CPU
		{4EE3DCC9-E7E9-4A31-BE80-BB8A12822BC9}.Release|Any CPU.ActiveCfg = Release|Any CPU
		{4EE3DCC9-E7E9-4A31-BE80-BB8A12822BC9}.Release|Any CPU.Build.0 = Release|Any CPU
	EndGlobalSection
	GlobalSection(SolutionProperties) = preSolution
		HideSolutionNode = FALSE
	EndGlobalSection
	GlobalSection(ExtensibilityGlobals) = postSolution
		SolutionGuid = {5A8865EC-D152-41FD-B988-3B6AB0BFC7C9}
	EndGlobalSection
EndGlobal
